
Microsoft Visual Studio Solution File, Format Version 12.00
# Visual Studio Version 16
VisualStudioVersion = 16.0.32802.440
MinimumVisualStudioVersion = 10.0.40219.1
Project("{FAE04EC0-301F-11D3-BF4B-00C04F79EFBC}") = "LibraryManagement", "LibraryManagement\LibraryManagement.csproj", "{8F0B8FA8-2669-4689-9223-413F4C851E3B}"
EndProject
Global
	GlobalSection(SolutionConfigurationPlatforms) = preSolution
		Debug|Any CPU = Debug|Any CPU
		Release|Any CPU = Release|Any CPU
	EndGlobalSection
	GlobalSection(ProjectConfigurationPlatforms) = postSolution
		{8F0B8FA8-2669-4689-9223-413F4C851E3B}.Debug|Any CPU.ActiveCfg = Debug|Any CPU
		{8F0B8FA8-2669-4689-9223-413F4C851E3B}.Debug|Any CPU.Build.0 = Debug|Any CPU
		{8F0B8FA8-2669-4689-9223-413F4C851E3B}.Release|Any CPU.ActiveCfg = Release|Any CPU
		{8F0B8FA8-2669-4689-9223-413F4C851E3B}.Release|Any CPU.Build.0 = Release|Any CPU
	EndGlobalSection
	GlobalSection(SolutionProperties) = preSolution
		HideSolutionNode = FALSE
	EndGlobalSection
	GlobalSection(ExtensibilityGlobals) = postSolution
		SolutionGuid = {45D0EF9A-58CB-474F-AE66-CF7ADF771C2A}
	EndGlobalSection
EndGlobal
